{
  "name": "ts-rollup",
  "version": "0.1.1",
  "lockfileVersion": 1,
  "requires": true,
  "dependencies": {
    "@types/bluebird": {
      "version": "3.5.18",
      "resolved": "https://registry.npmjs.org/@types/bluebird/-/bluebird-3.5.18.tgz",
      "integrity": "sha512-OTPWHmsyW18BhrnG5x8F7PzeZ2nFxmHGb42bZn79P9hl+GI5cMzyPgQTwNjbem0lJhoru/8vtjAFCUOu3+gE2w=="
    },
    "@types/lodash": {
      "version": "4.14.91",
      "resolved": "https://registry.npmjs.org/@types/lodash/-/lodash-4.14.91.tgz",
      "integrity": "sha512-k+nc3moSlAaXacyvz4/c6D9lnUeI6AKsLvkXFuNzUEEqMw7sjDnLW2GqlJ4nyFgMX/p+QzvVG6zRoDo4lJIV5g=="
    },
    "@types/moment": {
      "version": "2.13.0",
      "resolved": "https://registry.npmjs.org/@types/moment/-/moment-2.13.0.tgz",
      "integrity": "sha1-YE69GJvDvDShVIaJQE5hoqSqyJY=",
      "requires": {
        "moment": "2.20.0"
      }
    },
    "@types/moment-timezone": {
      "version": "0.5.2",
      "resolved": "https://registry.npmjs.org/@types/moment-timezone/-/moment-timezone-0.5.2.tgz",
      "integrity": "sha512-5qoWX9GsxFs0yTcJNDFEzZjbI8xAikRTSS0UxubuYgWBZFRx+ggpDZfNPZJvMXtZO/HaobcQWbpwUqU4pGv/Pg==",
      "requires": {
        "moment": "2.20.0"
      }
    },
    "array-pivot": {
      "version": "1.0.1",
      "resolved": "https://registry.npmjs.org/array-pivot/-/array-pivot-1.0.1.tgz",
      "integrity": "sha1-0tTkAaH4dfcMfWCKH/HuosPKiG0="
    },
    "bluebird": {
      "version": "3.5.1",
      "resolved": "https://registry.npmjs.org/bluebird/-/bluebird-3.5.1.tgz",
      "integrity": "sha512-MKiLiV+I1AA596t9w1sQJ8jkiSr5+ZKi0WKrYGUn6d1Fx+Ij4tIj+m2WMQSGczs5jZVxV339chE8iwk6F64wjA=="
    },
    "concat-stream": {
      "version": "1.4.10",
      "resolved": "https://registry.npmjs.org/concat-stream/-/concat-stream-1.4.10.tgz",
      "integrity": "sha1-rMO79WAsuMyYDGrIQPp9hgPj7zY=",
      "dev": true,
      "requires": {
        "inherits": "2.0.3",
        "readable-stream": "1.1.14",
        "typedarray": "0.0.6"
      },
      "dependencies": {
        "readable-stream": {
          "version": "1.1.14",
          "resolved": "https://registry.npmjs.org/readable-stream/-/readable-stream-1.1.14.tgz",
          "integrity": "sha1-fPTFTvZI44EwhMY23SB54WbAgdk=",
          "dev": true,
          "requires": {
            "core-util-is": "1.0.2",
            "inherits": "2.0.3",
            "isarray": "0.0.1",
            "string_decoder": "0.10.31"
          }
        }
      }
    },
    "core-util-is": {
      "version": "1.0.2",
      "resolved": "https://registry.npmjs.org/core-util-is/-/core-util-is-1.0.2.tgz",
      "integrity": "sha1-tf1UIgqivFq1eqtxQMlAdUUDwac="
    },
    "deep-equal": {
      "version": "0.2.2",
      "resolved": "https://registry.npmjs.org/deep-equal/-/deep-equal-0.2.2.tgz",
      "integrity": "sha1-hLdFiW80xoTpjyzg5Cq69Du6AX0=",
      "dev": true
    },
    "defined": {
      "version": "0.0.0",
      "resolved": "https://registry.npmjs.org/defined/-/defined-0.0.0.tgz",
      "integrity": "sha1-817qfXBekzuvE7LwOz+D2SFAOz4=",
      "dev": true
    },
    "floordate": {
      "version": "2.0.0",
      "resolved": "https://registry.npmjs.org/floordate/-/floordate-2.0.0.tgz",
      "integrity": "sha1-FJ5UGxfYp26jNGr9dFpdhgNHP9Y=",
      "requires": {
        "isnumber": "1.0.0"
      }
    },
    "glob": {
      "version": "3.2.11",
      "resolved": "https://registry.npmjs.org/glob/-/glob-3.2.11.tgz",
      "integrity": "sha1-Spc/Y1uRkPcV0QmH1cAP0oFevj0=",
      "dev": true,
      "requires": {
        "inherits": "2.0.3",
        "minimatch": "0.3.0"
      }
    },
    "inherits": {
      "version": "2.0.3",
      "resolved": "https://registry.npmjs.org/inherits/-/inherits-2.0.3.tgz",
      "integrity": "sha1-Yzwsg+PaQqUC9SRmAiSA9CCCYd4="
    },
    "isarray": {
      "version": "0.0.1",
      "resolved": "https://registry.npmjs.org/isarray/-/isarray-0.0.1.tgz",
      "integrity": "sha1-ihis/Kmo9Bd+Cav8YDiTmwXR7t8="
    },
    "isnumber": {
      "version": "1.0.0",
      "resolved": "https://registry.npmjs.org/isnumber/-/isnumber-1.0.0.tgz",
      "integrity": "sha1-Dj+XWbWB2Z3YUIbw7Cp0kJz63QE="
    },
    "lodash": {
      "version": "4.17.4",
      "resolved": "https://registry.npmjs.org/lodash/-/lodash-4.17.4.tgz",
      "integrity": "sha1-eCA6TRwyiuHYbcpkYONptX9AVa4="
    },
    "lru-cache": {
      "version": "2.7.3",
      "resolved": "https://registry.npmjs.org/lru-cache/-/lru-cache-2.7.3.tgz",
      "integrity": "sha1-bUUk6LlV+V1PW1iFHOId1y+06VI=",
      "dev": true
    },
    "minimatch": {
      "version": "0.3.0",
      "resolved": "https://registry.npmjs.org/minimatch/-/minimatch-0.3.0.tgz",
      "integrity": "sha1-J12O2qxPG7MyZHIInnlJyDlGmd0=",
      "dev": true,
      "requires": {
        "lru-cache": "2.7.3",
        "sigmund": "1.0.1"
      }
    },
    "moment": {
      "version": "2.20.0",
      "resolved": "https://registry.npmjs.org/moment/-/moment-2.20.0.tgz",
      "integrity": "sha512-r7aEpLB/mhMUiC5ksahDajF/Jr3wS/qLzUnwOJCZyKWF34ibdvW8saujBKfR7aQlov//JgFA38HXOoIt7lXzcA=="
    },
    "moment-timezone": {
      "version": "0.5.14",
      "resolved": "https://registry.npmjs.org/moment-timezone/-/moment-timezone-0.5.14.tgz",
      "integrity": "sha1-TrOP+VOLgBCLpGekWPPtQmjM/LE=",
      "requires": {
        "moment": "2.20.0"
      }
    },
    "object-inspect": {
      "version": "0.4.0",
      "resolved": "https://registry.npmjs.org/object-inspect/-/object-inspect-0.4.0.tgz",
      "integrity": "sha1-9RV8EWwUVbJDsG7pdwM5LFrYn+w=",
      "dev": true
    },
    "process-nextick-args": {
      "version": "1.0.7",
      "resolved": "https://registry.npmjs.org/process-nextick-args/-/process-nextick-args-1.0.7.tgz",
      "integrity": "sha1-FQ4gt1ZZCtP5EJPyWk8q2L/zC6M=",
      "dev": true
    },
    "readable-stream": {
      "version": "1.0.34",
      "resolved": "https://registry.npmjs.org/readable-stream/-/readable-stream-1.0.34.tgz",
      "integrity": "sha1-Elgg40vIQtLyqq+v5MKRbuMsFXw=",
      "requires": {
        "core-util-is": "1.0.2",
        "inherits": "2.0.3",
        "isarray": "0.0.1",
        "string_decoder": "0.10.31"
      }
    },
    "resumer": {
      "version": "0.0.0",
      "resolved": "https://registry.npmjs.org/resumer/-/resumer-0.0.0.tgz",
      "integrity": "sha1-8ej0YeQGS6Oegq883CqMiT0HZ1k=",
      "dev": true,
      "requires": {
        "through": "2.3.8"
      }
    },
    "safe-buffer": {
      "version": "5.0.1",
      "resolved": "https://registry.npmjs.org/safe-buffer/-/safe-buffer-5.0.1.tgz",
      "integrity": "sha1-0mPKVGls2KMGtcplUekt5XkY++c=",
      "dev": true
    },
    "sigmund": {
      "version": "1.0.1",
      "resolved": "https://registry.npmjs.org/sigmund/-/sigmund-1.0.1.tgz",
      "integrity": "sha1-P/IfGYytIXX587eBhT/ZTQ0ZtZA=",
      "dev": true
    },
    "stats-lite": {
      "version": "1.0.3",
      "resolved": "https://registry.npmjs.org/stats-lite/-/stats-lite-1.0.3.tgz",
      "integrity": "sha1-c4xBrQFEjXxOxQ9G4GkTI+2pmjk=",
      "requires": {
        "isnumber": "1.0.0"
      }
    },
    "stream-spigot": {
      "version": "3.0.6",
      "resolved": "https://registry.npmjs.org/stream-spigot/-/stream-spigot-3.0.6.tgz",
      "integrity": "sha1-34faJjAiFoKxPZTx72OuVqTXzvo=",
      "dev": true,
      "requires": {
        "readable-stream": "2.2.11",
        "xtend": "4.0.1"
      },
      "dependencies": {
        "isarray": {
          "version": "1.0.0",
          "resolved": "https://registry.npmjs.org/isarray/-/isarray-1.0.0.tgz",
          "integrity": "sha1-u5NdSFgsuhaMBoNJV6VKPgcSTxE=",
          "dev": true
        },
        "readable-stream": {
          "version": "2.2.11",
          "resolved": "https://registry.npmjs.org/readable-stream/-/readable-stream-2.2.11.tgz",
          "integrity": "sha512-h+8+r3MKEhkiVrwdKL8aWs1oc1VvBu33ueshOvS26RsZQ3Amhx/oO3TKe4lApSV9ueY6as8EAh7mtuFjdlhg9Q==",
          "dev": true,
          "requires": {
            "core-util-is": "1.0.2",
            "inherits": "2.0.3",
            "isarray": "1.0.0",
            "process-nextick-args": "1.0.7",
            "safe-buffer": "5.0.1",
            "string_decoder": "1.0.3",
            "util-deprecate": "1.0.2"
          }
        },
        "string_decoder": {
          "version": "1.0.3",
          "resolved": "https://registry.npmjs.org/string_decoder/-/string_decoder-1.0.3.tgz",
          "integrity": "sha512-4AH6Z5fzNNBcH+6XDMfA/BTt87skxqJlO0lAh3Dker5zThcAxG6mKz+iGu308UKoPPQ8Dcqx/4JhujzltRa+hQ==",
          "dev": true,
          "requires": {
            "safe-buffer": "5.1.1"
          },
          "dependencies": {
            "safe-buffer": {
              "version": "5.1.1",
              "resolved": "https://registry.npmjs.org/safe-buffer/-/safe-buffer-5.1.1.tgz",
              "integrity": "sha512-kKvNJn6Mm93gAczWVJg7wH+wGYWNrDHdWvpUmHyEsgCtIwwo3bqPtV4tR5tuPaUhTOo/kvhVwd8XwwOllGYkbg==",
              "dev": true
            }
          }
        }
      }
    },
    "stream-splice": {
      "version": "1.0.9",
      "resolved": "https://registry.npmjs.org/stream-splice/-/stream-splice-1.0.9.tgz",
      "integrity": "sha1-H8JC5dpmLS0aW0hcmFFw0ryWr0Q=",
      "requires": {
        "readable-stream": "1.0.34"
      }
    },
    "string_decoder": {
      "version": "0.10.31",
      "resolved": "https://registry.npmjs.org/string_decoder/-/string_decoder-0.10.31.tgz",
      "integrity": "sha1-YuIDvEF2bGwoyfyEMB2rHFMQ+pQ="
    },
    "tape": {
      "version": "3.4.0",
      "resolved": "https://registry.npmjs.org/tape/-/tape-3.4.0.tgz",
      "integrity": "sha1-dkuyxUyrNk/cl9OAZJKf3X7cjBI=",
      "dev": true,
      "requires": {
        "deep-equal": "0.2.2",
        "defined": "0.0.0",
        "glob": "3.2.11",
        "inherits": "2.0.3",
        "object-inspect": "0.4.0",
        "resumer": "0.0.0",
        "through": "2.3.8"
      }
    },
    "terminus": {
      "version": "1.0.12",
      "resolved": "https://registry.npmjs.org/terminus/-/terminus-1.0.12.tgz",
      "integrity": "sha1-CpOtNtlcBiWRANtgYVJShirBd3M=",
      "requires": {
        "readable-stream": "1.0.34",
        "xtend": "4.0.1"
      }
    },
    "through": {
      "version": "2.3.8",
      "resolved": "https://registry.npmjs.org/through/-/through-2.3.8.tgz",
      "integrity": "sha1-DdTJ/6q8NXlgsbckEV1+Doai4fU=",
      "dev": true
    },
    "through2": {
      "version": "0.6.5",
      "resolved": "https://registry.npmjs.org/through2/-/through2-0.6.5.tgz",
      "integrity": "sha1-QaucZ7KdVyCQcUEOHXp6lozTrUg=",
      "requires": {
        "readable-stream": "1.0.34",
        "xtend": "4.0.1"
      }
    },
    "through2-map": {
      "version": "1.4.0",
      "resolved": "https://registry.npmjs.org/through2-map/-/through2-map-1.4.0.tgz",
      "integrity": "sha1-fLE+fJ7wDHqTx0JWf50uURaP9/U=",
      "requires": {
        "terminus": "1.0.12",
        "through2": "0.5.1",
        "xtend": "3.0.0"
      },
      "dependencies": {
        "through2": {
          "version": "0.5.1",
          "resolved": "https://registry.npmjs.org/through2/-/through2-0.5.1.tgz",
          "integrity": "sha1-390BLrnHAOIyP9M084rGIqs3Lac=",
          "requires": {
            "readable-stream": "1.0.34",
            "xtend": "3.0.0"
          }
        },
        "xtend": {
          "version": "3.0.0",
          "resolved": "https://registry.npmjs.org/xtend/-/xtend-3.0.0.tgz",
          "integrity": "sha1-XM50B7r2Qsunvs2laBEcST9ZZlo="
        }
      }
    },
    "timestream-gen": {
      "version": "0.1.1",
      "resolved": "https://registry.npmjs.org/timestream-gen/-/timestream-gen-0.1.1.tgz",
      "integrity": "sha1-hHTT1PD+c/TW9RhbEK9A/TPwRHo=",
      "dev": true,
      "requires": {
        "isnumber": "1.0.0",
        "stream-spigot": "3.0.6"
      }
    },
    "typedarray": {
      "version": "0.0.6",
      "resolved": "https://registry.npmjs.org/typedarray/-/typedarray-0.0.6.tgz",
      "integrity": "sha1-hnrHTjhkGHsdPUfZlqeOxciDB3c=",
      "dev": true
    },
    "util-deprecate": {
      "version": "1.0.2",
      "resolved": "https://registry.npmjs.org/util-deprecate/-/util-deprecate-1.0.2.tgz",
      "integrity": "sha1-RQ1Nyfpw3nMnYvvS1KKJgUGaDM8=",
      "dev": true
    },
    "xtend": {
      "version": "4.0.1",
      "resolved": "https://registry.npmjs.org/xtend/-/xtend-4.0.1.tgz",
      "integrity": "sha1-pcbVMr5lbiPbgg77lDofBJmNY68="
    }
  }
}
